
Microsoft Visual Studio Solution File, Format Version 12.00
# Visual Studio Version 17
VisualStudioVersion = 17.0.32112.339
MinimumVisualStudioVersion = 10.0.40219.1
Project("{9A19103F-16F7-4668-BE54-9A1E7A4F7556}") = "OwinMiddlewareApp", "OwinMiddleware\OwinMiddlewareApp.csproj", "{90B7ED12-1BD4-437A-B9CC-E4A710D701B3}"
EndProject
Global
	GlobalSection(SolutionConfigurationPlatforms) = preSolution
		Debug|Any CPU = Debug|Any CPU
		Release|Any CPU = Release|Any CPU
	EndGlobalSection
	GlobalSection(ProjectConfigurationPlatforms) = postSolution
		{90B7ED12-1BD4-437A-B9CC-E4A710D701B3}.Debug|Any CPU.ActiveCfg = Debug|Any CPU
		{90B7ED12-1BD4-437A-B9CC-E4A710D701B3}.Debug|Any CPU.Build.0 = Debug|Any CPU
		{90B7ED12-1BD4-437A-B9CC-E4A710D701B3}.Release|Any CPU.ActiveCfg = Release|Any CPU
		{90B7ED12-1BD4-437A-B9CC-E4A710D701B3}.Release|Any CPU.Build.0 = Release|Any CPU
	EndGlobalSection
	GlobalSection(SolutionProperties) = preSolution
		HideSolutionNode = FALSE
	EndGlobalSection
	GlobalSection(ExtensibilityGlobals) = postSolution
		SolutionGuid = {DEC4CA07-181A-46D9-879A-12F96DE5C26B}
	EndGlobalSection
EndGlobal
